
Microsoft Visual Studio Solution File, Format Version 12.00
# Visual Studio Version 17
VisualStudioVersion = 17.3.32825.248
MinimumVisualStudioVersion = 10.0.40219.1
Project("{FAE04EC0-301F-11D3-BF4B-00C04F79EFBC}") = "SakuraGenin", "SakuraGenin\SakuraGenin.csproj", "{06DEA504-2C6C-4D7B-9D17-81393D3004E4}"
EndProject
Global
	GlobalSection(SolutionConfigurationPlatforms) = preSolution
		Debug|Any CPU = Debug|Any CPU
		Release|Any CPU = Release|Any CPU
	EndGlobalSection
	GlobalSection(ProjectConfigurationPlatforms) = postSolution
		{06DEA504-2C6C-4D7B-9D17-81393D3004E4}.Debug|Any CPU.ActiveCfg = Debug|Any CPU
		{06DEA504-2C6C-4D7B-9D17-81393D3004E4}.Debug|Any CPU.Build.0 = Debug|Any CPU
		{06DEA504-2C6C-4D7B-9D17-81393D3004E4}.Release|Any CPU.ActiveCfg = Release|Any CPU
		{06DEA504-2C6C-4D7B-9D17-81393D3004E4}.Release|Any CPU.Build.0 = Release|Any CPU
	EndGlobalSection
	GlobalSection(SolutionProperties) = preSolution
		HideSolutionNode = FALSE
	EndGlobalSection
	GlobalSection(ExtensibilityGlobals) = postSolution
		SolutionGuid = {E21F811C-522E-4D3B-B9A9-3DBD8BAD7DA5}
	EndGlobalSection
EndGlobal
